
Microsoft Visual Studio Solution File, Format Version 12.00
Project("{FAE04EC0-301F-11D3-BF4B-00C04F79EFBC}") = "PHPIL", "PHPIL.csproj", "{AB239801-0F8D-482C-8805-D7711262D261}"
EndProject
Global
	GlobalSection(SolutionConfigurationPlatforms) = preSolution
		Debug|Any CPU = Debug|Any CPU
		Release|Any CPU = Release|Any CPU
	EndGlobalSection
	GlobalSection(ProjectConfigurationPlatforms) = postSolution
		{AB239801-0F8D-482C-8805-D7711262D261}.Debug|Any CPU.ActiveCfg = Debug|Any CPU
		{AB239801-0F8D-482C-8805-D7711262D261}.Debug|Any CPU.Build.0 = Debug|Any CPU
		{AB239801-0F8D-482C-8805-D7711262D261}.Release|Any CPU.ActiveCfg = Release|Any CPU
		{AB239801-0F8D-482C-8805-D7711262D261}.Release|Any CPU.Build.0 = Release|Any CPU
	EndGlobalSection
EndGlobal
